// !$*UTF8*$!
{
	archiveVersion = 1;
	classes = {
	};
	objectVersion = 50;
	objects = {

/* Begin PBXBuildFile section */
		F06DC7852424E0A1008805D1 /* AppDelegate.swift in Sources */ = {isa = PBXBuildFile; fileRef = F06DC7842424E0A1008805D1 /* AppDelegate.swift */; };
		F06DC7872424E0A1008805D1 /* SceneDelegate.swift in Sources */ = {isa = PBXBuildFile; fileRef = F06DC7862424E0A1008805D1 /* SceneDelegate.swift */; };
		F06DC7892424E0A1008805D1 /* ViewController.swift in Sources */ = {isa = PBXBuildFile; fileRef = F06DC7882424E0A1008805D1 /* ViewController.swift */; };
		F06DC78C2424E0A1008805D1 /* Main.storyboard in Resources */ = {isa = PBXBuildFile; fileRef = F06DC78A2424E0A1008805D1 /* Main.storyboard */; };
		F06DC78E2424E0A5008805D1 /* Assets.xcassets in Resources */ = {isa = PBXBuildFile; fileRef = F06DC78D2424E0A5008805D1 /* Assets.xcassets */; };
		F06DC7912424E0A5008805D1 /* LaunchScreen.storyboard in Resources */ = {isa = PBXBuildFile; fileRef = F06DC78F2424E0A5008805D1 /* LaunchScreen.storyboard */; };
/* End PBXBuildFile section */

/* Begin PBXFileReference section */
		F06DC7812424E0A1008805D1 /* AudiKey.app */ = {isa = PBXFileReference; explicitFileType = wrapper.application; includeInIndex = 0; path = AudiKey.app; sourceTree = BUILT_PRODUCTS_DIR; };
		F06DC7842424E0A1008805D1 /* AppDelegate.swift */ = {isa = PBXFileReference; lastKnownFileType = sourcecode.swift; path = AppDelegate.swift; sourceTree = "<group>"; };
		F06DC7862424E0A1008805D1 /* SceneDelegate.swift */ = {isa = PBXFileReference; lastKnownFileType = sourcecode.swift; path = SceneDelegate.swift; sourceTree = "<group>"; };
		F06DC7882424E0A1008805D1 /* ViewController.swift */ = {isa = PBXFileReference; lastKnownFileType = sourcecode.swift; path = ViewController.swift; sourceTree = "<group>"; };
		F06DC78B2424E0A1008805D1 /* Base */ = {isa = PBXFileReference; lastKnownFileType = file.storyboard; name = Base; path = Base.lproj/Main.storyboard; sourceTree = "<group>"; };
		F06DC78D2424E0A5008805D1 /* Assets.xcassets */ = {isa = PBXFileReference; lastKnownFileType = folder.assetcatalog; path = Assets.xcassets; sourceTree = "<group>"; };
		F06DC7902424E0A5008805D1 /* Base */ = {isa = PBXFileReference; lastKnownFileType = file.storyboard; name = Base; path = Base.lproj/LaunchScreen.storyboard; sourceTree = "<group>"; };
		F06DC7922424E0A5008805D1 /* Info.plist */ = {isa = PBXFileReference; lastKnownFileType = text.plist.xml; path = Info.plist; sourceTree = "<group>"; };
/* End PBXFileReference section */

/* Begin PBXFrameworksBuildPhase section */
		F06DC77E2424E0A1008805D1 /* Frameworks */ = {
			isa = PBXFrameworksBuildPhase;
			buildActionMask = 2147483647;
			files = (
			);
			runOnlyForDeploymentPostprocessing = 0;
		};
/* End PBXFrameworksBuildPhase section */

/* Begin PBXGroup section */
		F06DC7782424E0A1008805D1 = {
			isa = PBXGroup;
			children = (
				F06DC7832424E0A1008805D1 /* AudiKey */,
				F06DC7822424E0A1008805D1 /* Products */,
			);
			sourceTree = "<group>";
		};
		F06DC7822424E0A1008805D1 /* Products */ = {
			isa = PBXGroup;
			children = (
				F06DC7812424E0A1008805D1 /* AudiKey.app */,
			);
			name = Products;
			sourceTree = "<group>";
		};
		F06DC7832424E0A1008805D1 /* AudiKey */ = {
			isa = PBXGroup;
			children = (
				F06DC7842424E0A1008805D1 /* AppDelegate.swift */,
				F06DC7862424E0A1008805D1 /* SceneDelegate.swift */,
				F06DC7882424E0A1008805D1 /* ViewController.swift */,
				F06DC78A2424E0A1008805D1 /* Main.storyboard */,
				F06DC78D2424E0A5008805D1 /* Assets.xcassets */,
				F06DC78F2424E0A5008805D1 /* LaunchScreen.storyboard */,
				F06DC7922424E0A5008805D1 /* Info.plist */,
			);
			path = AudiKey;
			sourceTree = "<group>";
		};
/* End PBXGroup section */

/* Begin PBXNativeTarget section */
		F06DC7802424E0A1008805D1 /* AudiKey */ = {
			isa = PBXNativeTarget;
			buildConfigurationList = F06DC7952424E0A5008805D1 /* Build configuration list for PBXNativeTarget "AudiKey" */;
			buildPhases = (
				F06DC77D2424E0A1008805D1 /* Sources */,
				F06DC77E2424E0A1008805D1 /* Frameworks */,
				F06DC77F2424E0A1008805D1 /* Resources */,
			);
			buildRules = (
			);
			dependencies = (
			);
			name = AudiKey;
			productName = AudiKey;
			productReference = F06DC7812424E0A1008805D1 /* AudiKey.app */;
			productType = "com.apple.product-type.application";
		};
/* End PBXNativeTarget section */

/* Begin PBXProject section */
		F06DC7792424E0A1008805D1 /* Project object */ = {
			isa = PBXProject;
			attributes = {
				LastSwiftUpdateCheck = 1130;
				LastUpgradeCheck = 1130;
				ORGANIZATIONNAME = "Edin Vejzagic";
				TargetAttributes = {
					F06DC7802424E0A1008805D1 = {
						CreatedOnToolsVersion = 11.3.1;
					};
				};
			};
			buildConfigurationList = F06DC77C2424E0A1008805D1 /* Build configuration list for PBXProject "AudiKey" */;
			compatibilityVersion = "Xcode 9.3";
			developmentRegion = en;
			hasScannedForEncodings = 0;
			knownRegions = (
				en,
				Base,
			);
			mainGroup = F06DC7782424E0A1008805D1;
			productRefGroup = F06DC7822424E0A1008805D1 /* Products */;
			projectDirPath = "";
			projectRoot = "";
			targets = (
				F06DC7802424E0A1008805D1 /* AudiKey */,
			);
		};
/* End PBXProject section */

/* Begin PBXResourcesBuildPhase section */
		F06DC77F2424E0A1008805D1 /* Resources */ = {
			isa = PBXResourcesBuildPhase;
			buildActionMask = 2147483647;
			files = (
				F06DC7912424E0A5008805D1 /* LaunchScreen.storyboard in Resources */,
				F06DC78E2424E0A5008805D1 /* Assets.xcassets in Resources */,
				F06DC78C2424E0A1008805D1 /* Main.storyboard in Resources */,
			);
			runOnlyForDeploymentPostprocessing = 0;
		};
/* End PBXResourcesBuildPhase section */

/* Begin PBXSourcesBuildPhase section */
		F06DC77D2424E0A1008805D1 /* Sources */ = {
			isa = PBXSourcesBuildPhase;
			buildActionMask = 2147483647;
			files = (
				F06DC7892424E0A1008805D1 /* ViewController.swift in Sources */,
				F06DC7852424E0A1008805D1 /* AppDelegate.swift in Sources */,
				F06DC7872424E0A1008805D1 /* SceneDelegate.swift in Sources */,
			);
			runOnlyForDeploymentPostprocessing = 0;
		};
/* End PBXSourcesBuildPhase section */

/* Begin PBXVariantGroup section */
		F06DC78A2424E0A1008805D1 /* Main.storyboard */ = {
			isa = PBXVariantGroup;
			children = (
				F06DC78B2424E0A1008805D1 /* Base */,
			);
			name = Main.storyboard;
			sourceTree = "<group>";
		};
		F06DC78F2424E0A5008805D1 /* LaunchScreen.storyboard */ = {
			isa = PBXVariantGroup;
			children = (
				F06DC7902424E0A5008805D1 /* Base */,
			);
			name = LaunchScreen.storyboard;
			sourceTree = "<group>";
		};
/* End PBXVariantGroup section */

/* Begin XCBuildConfiguration section */
		F06DC7932424E0A5008805D1 /* Debug */ = {
			isa = XCBuildConfiguration;
			buildSettings = {
				ALWAYS_SEARCH_USER_PATHS = NO;
				CLANG_ANALYZER_NONNULL = YES;
				CLANG_ANALYZER_NUMBER_OBJECT_CONVERSION = YES_AGGRESSIVE;
				CLANG_CXX_LANGUAGE_STANDARD = "gnu++14";
				CLANG_CXX_LIBRARY = "libc++";
				CLANG_ENABLE_MODULES = YES;
				CLANG_ENABLE_OBJC_ARC = YES;
				CLANG_ENABLE_OBJC_WEAK = YES;
				CLANG_WARN_BLOCK_CAPTURE_AUTORELEASING = YES;
				CLANG_WARN_BOOL_CONVERSION = YES;
				CLANG_WARN_COMMA = YES;
				CLANG_WARN_CONSTANT_CONVERSION = YES;
				CLANG_WARN_DEPRECATED_OBJC_IMPLEMENTATIONS = YES;
				CLANG_WARN_DIRECT_OBJC_ISA_USAGE = YES_ERROR;
				CLANG_WARN_DOCUMENTATION_COMMENTS = YES;
				CLANG_WARN_EMPTY_BODY = YES;
				CLANG_WARN_ENUM_CONVERSION = YES;
				CLANG_WARN_INFINITE_RECURSION = YES;
				CLANG_WARN_INT_CONVERSION = YES;
				CLANG_WARN_NON_LITERAL_NULL_CONVERSION = YES;
				CLANG_WARN_OBJC_IMPLICIT_RETAIN_SELF = YES;
				CLANG_WARN_OBJC_LITERAL_CONVERSION = YES;
				CLANG_WARN_OBJC_ROOT_CLASS = YES_ERROR;
				CLANG_WARN_RANGE_LOOP_ANALYSIS = YES;
				CLANG_WARN_STRICT_PROTOTYPES = YES;
				CLANG_WARN_SUSPICIOUS_MOVE = YES;
				CLANG_WARN_UNGUARDED_AVAILABILITY = YES_AGGRESSIVE;
				CLANG_WARN_UNREACHABLE_CODE = YES;
				CLANG_WARN__DUPLICATE_METHOD_MATCH = YES;
				COPY_PHASE_STRIP = NO;
				DEBUG_INFORMATION_FORMAT = dwarf;
				ENABLE_STRICT_OBJC_MSGSEND = YES;
				ENABLE_TESTABILITY = YES;
				GCC_C_LANGUAGE_STANDARD = gnu11;
				GCC_DYNAMIC_NO_PIC = NO;
				GCC_NO_COMMON_BLOCKS = YES;
				GCC_OPTIMIZATION_LEVEL = 0;
				GCC_PREPROCESSOR_DEFINITIONS = (
					"DEBUG=1",
					"$(inherited)",
				);
				GCC_WARN_64_TO_32_BIT_CONVERSION = YES;
				GCC_WARN_ABOUT_RETURN_TYPE = YES_ERROR;
				GCC_WARN_UNDECLARED_SELECTOR = YES;
				GCC_WARN_UNINITIALIZED_AUTOS = YES_AGGRESSIVE;
				GCC_WARN_UNUSED_FUNCTION = YES;
				GCC_WARN_UNUSED_VARIABLE = YES;
				IPHONEOS_DEPLOYMENT_TARGET = 13.2;
				MTL_ENABLE_DEBUG_INFO = INCLUDE_SOURCE;
				MTL_FAST_MATH = YES;
				ONLY_ACTIVE_ARCH = YES;
				SDKROOT = iphoneos;
				SWIFT_ACTIVE_COMPILATION_CONDITIONS = DEBUG;
				SWIFT_OPTIMIZATION_LEVEL = "-Onone";
			};
			name = Debug;
		};
		F06DC7942424E0A5008805D1 /* Release */ = {
			isa = XCBuildConfiguration;
			buildSettings = {
				ALWAYS_SEARCH_USER_PATHS = NO;
				CLANG_ANALYZER_NONNULL = YES;
				CLANG_ANALYZER_NUMBER_OBJECT_CONVERSION = YES_AGGRESSIVE;
				CLANG_CXX_LANGUAGE_STANDARD = "gnu++14";
				CLANG_CXX_LIBRARY = "libc++";
				CLANG_ENABLE_MODULES = YES;
				CLANG_ENABLE_OBJC_ARC = YES;
				CLANG_ENABLE_OBJC_WEAK = YES;
				CLANG_WARN_BLOCK_CAPTURE_AUTORELEASING = YES;
				CLANG_WARN_BOOL_CONVERSION = YES;
				CLANG_WARN_COMMA = YES;
				CLANG_WARN_CONSTANT_CONVERSION = YES;
				CLANG_WARN_DEPRECATED_OBJC_IMPLEMENTATIONS = YES;
				CLANG_WARN_DIRECT_OBJC_ISA_USAGE = YES_ERROR;
				CLANG_WARN_DOCUMENTATION_COMMENTS = YES;
				CLANG_WARN_EMPTY_BODY = YES;
				CLANG_WARN_ENUM_CONVERSION = YES;
				CLANG_WARN_INFINITE_RECURSION = YES;
				CLANG_WARN_INT_CONVERSION = YES;
				CLANG_WARN_NON_LITERAL_NULL_CONVERSION = YES;
				CLANG_WARN_OBJC_IMPLICIT_RETAIN_SELF = YES;
				CLANG_WARN_OBJC_LITERAL_CONVERSION = YES;
				CLANG_WARN_OBJC_ROOT_CLASS = YES_ERROR;
				CLANG_WARN_RANGE_LOOP_ANALYSIS = YES;
				CLANG_WARN_STRICT_PROTOTYPES = YES;
				CLANG_WARN_SUSPICIOUS_MOVE = YES;
				CLANG_WARN_UNGUARDED_AVAILABILITY = YES_AGGRESSIVE;
				CLANG_WARN_UNREACHABLE_CODE = YES;
				CLANG_WARN__DUPLICATE_METHOD_MATCH = YES;
				COPY_PHASE_STRIP = NO;
				DEBUG_INFORMATION_FORMAT = "dwarf-with-dsym";
				ENABLE_NS_ASSERTIONS = NO;
				ENABLE_STRICT_OBJC_MSGSEND = YES;
				GCC_C_LANGUAGE_STANDARD = gnu11;
				GCC_NO_COMMON_BLOCKS = YES;
				GCC_WARN_64_TO_32_BIT_CONVERSION = YES;
				GCC_WARN_ABOUT_RETURN_TYPE = YES_ERROR;
				GCC_WARN_UNDECLARED_SELECTOR = YES;
				GCC_WARN_UNINITIALIZED_AUTOS = YES_AGGRESSIVE;
				GCC_WARN_UNUSED_FUNCTION = YES;
				GCC_WARN_UNUSED_VARIABLE = YES;
				IPHONEOS_DEPLOYMENT_TARGET = 13.2;
				MTL_ENABLE_DEBUG_INFO = NO;
				MTL_FAST_MATH = YES;
				SDKROOT = iphoneos;
				SWIFT_COMPILATION_MODE = wholemodule;
				SWIFT_OPTIMIZATION_LEVEL = "-O";
				VALIDATE_PRODUCT = YES;
			};
			name = Release;
		};
		F06DC7962424E0A5008805D1 /* Debug */ = {
			isa = XCBuildConfiguration;
			buildSettings = {
				ASSETCATALOG_COMPILER_APPICON_NAME = AppIcon;
				CODE_SIGN_STYLE = Automatic;
				DEVELOPMENT_TEAM = 2JWA4T48B7;
				INFOPLIST_FILE = AudiKey/Info.plist;
				LD_RUNPATH_SEARCH_PATHS = (
					"$(inherited)",
					"@executable_path/Frameworks",
				);
				PRODUCT_BUNDLE_IDENTIFIER = com.varapp.AudiKey;
				PRODUCT_NAME = "$(TARGET_NAME)";
				SWIFT_VERSION = 5.0;
				TARGETED_DEVICE_FAMILY = "1,2";
			};
			name = Debug;
		};
		F06DC7972424E0A5008805D1 /* Release */ = {
			isa = XCBuildConfiguration;
			buildSettings = {
				ASSETCATALOG_COMPILER_APPICON_NAME = AppIcon;
				CODE_SIGN_STYLE = Automatic;
				DEVELOPMENT_TEAM = 2JWA4T48B7;
				INFOPLIST_FILE = AudiKey/Info.plist;
				LD_RUNPATH_SEARCH_PATHS = (
					"$(inherited)",
					"@executable_path/Frameworks",
				);
				PRODUCT_BUNDLE_IDENTIFIER = com.varapp.AudiKey;
				PRODUCT_NAME = "$(TARGET_NAME)";
				SWIFT_VERSION = 5.0;
				TARGETED_DEVICE_FAMILY = "1,2";
			};
			name = Release;
		};
/* End XCBuildConfiguration section */

/* Begin XCConfigurationList section */
		F06DC77C2424E0A1008805D1 /* Build configuration list for PBXProject "AudiKey" */ = {
			isa = XCConfigurationList;
			buildConfigurations = (
				F06DC7932424E0A5008805D1 /* Debug */,
				F06DC7942424E0A5008805D1 /* Release */,
			);
			defaultConfigurationIsVisible = 0;
			defaultConfigurationName = Release;
		};
		F06DC7952424E0A5008805D1 /* Build configuration list for PBXNativeTarget "AudiKey" */ = {
			isa = XCConfigurationList;
			buildConfigurations = (
				F06DC7962424E0A5008805D1 /* Debug */,
				F06DC7972424E0A5008805D1 /* Release */,
			);
			defaultConfigurationIsVisible = 0;
			defaultConfigurationName = Release;
		};
/* End XCConfigurationList section */
	};
	rootObject = F06DC7792424E0A1008805D1 /* Project object */;
}
